// !$*UTF8*$!
{
	archiveVersion = 1;
	classes = {
	};
	objectVersion = 46;
	objects = {

/* Begin PBXBuildFile section */
		668EC2081E88829E00AA52A0 /* AppDelegate.swift in Sources */ = {isa = PBXBuildFile; fileRef = 668EC2071E88829E00AA52A0 /* AppDelegate.swift */; };
		668EC20A1E88829E00AA52A0 /* ViewController.swift in Sources */ = {isa = PBXBuildFile; fileRef = 668EC2091E88829E00AA52A0 /* ViewController.swift */; };
		668EC20D1E88829E00AA52A0 /* Main.storyboard in Resources */ = {isa = PBXBuildFile; fileRef = 668EC20B1E88829E00AA52A0 /* Main.storyboard */; };
		668EC20F1E88829E00AA52A0 /* Assets.xcassets in Resources */ = {isa = PBXBuildFile; fileRef = 668EC20E1E88829E00AA52A0 /* Assets.xcassets */; };
		668EC2121E88829E00AA52A0 /* LaunchScreen.storyboard in Resources */ = {isa = PBXBuildFile; fileRef = 668EC2101E88829E00AA52A0 /* LaunchScreen.storyboard */; };
/* End PBXBuildFile section */

/* Begin PBXFileReference section */
		668EC2041E88829E00AA52A0 /* ImageScroll.app */ = {isa = PBXFileReference; explicitFileType = wrapper.application; includeInIndex = 0; path = ImageScroll.app; sourceTree = BUILT_PRODUCTS_DIR; };
		668EC2071E88829E00AA52A0 /* AppDelegate.swift */ = {isa = PBXFileReference; lastKnownFileType = sourcecode.swift; path = AppDelegate.swift; sourceTree = "<group>"; };
		668EC2091E88829E00AA52A0 /* ViewController.swift */ = {isa = PBXFileReference; lastKnownFileType = sourcecode.swift; path = ViewController.swift; sourceTree = "<group>"; };
		668EC20C1E88829E00AA52A0 /* Base */ = {isa = PBXFileReference; lastKnownFileType = file.storyboard; name = Base; path = Base.lproj/Main.storyboard; sourceTree = "<group>"; };
		668EC20E1E88829E00AA52A0 /* Assets.xcassets */ = {isa = PBXFileReference; lastKnownFileType = folder.assetcatalog; path = Assets.xcassets; sourceTree = "<group>"; };
		668EC2111E88829E00AA52A0 /* Base */ = {isa = PBXFileReference; lastKnownFileType = file.storyboard; name = Base; path = Base.lproj/LaunchScreen.storyboard; sourceTree = "<group>"; };
		668EC2131E88829E00AA52A0 /* Info.plist */ = {isa = PBXFileReference; lastKnownFileType = text.plist.xml; path = Info.plist; sourceTree = "<group>"; };
/* End PBXFileReference section */

/* Begin PBXFrameworksBuildPhase section */
		668EC2011E88829E00AA52A0 /* Frameworks */ = {
			isa = PBXFrameworksBuildPhase;
			buildActionMask = 2147483647;
			files = (
			);
			runOnlyForDeploymentPostprocessing = 0;
		};
/* End PBXFrameworksBuildPhase section */

/* Begin PBXGroup section */
		668EC1FB1E88829E00AA52A0 = {
			isa = PBXGroup;
			children = (
				668EC2061E88829E00AA52A0 /* ImageScroll */,
				668EC2051E88829E00AA52A0 /* Products */,
			);
			sourceTree = "<group>";
		};
		668EC2051E88829E00AA52A0 /* Products */ = {
			isa = PBXGroup;
			children = (
				668EC2041E88829E00AA52A0 /* ImageScroll.app */,
			);
			name = Products;
			sourceTree = "<group>";
		};
		668EC2061E88829E00AA52A0 /* ImageScroll */ = {
			isa = PBXGroup;
			children = (
				668EC2071E88829E00AA52A0 /* AppDelegate.swift */,
				668EC2091E88829E00AA52A0 /* ViewController.swift */,
				668EC20B1E88829E00AA52A0 /* Main.storyboard */,
				668EC20E1E88829E00AA52A0 /* Assets.xcassets */,
				668EC2101E88829E00AA52A0 /* LaunchScreen.storyboard */,
				668EC2131E88829E00AA52A0 /* Info.plist */,
			);
			path = ImageScroll;
			sourceTree = "<group>";
		};
/* End PBXGroup section */

/* Begin PBXNativeTarget section */
		668EC2031E88829E00AA52A0 /* ImageScroll */ = {
			isa = PBXNativeTarget;
			buildConfigurationList = 668EC2161E88829E00AA52A0 /* Build configuration list for PBXNativeTarget "ImageScroll" */;
			buildPhases = (
				668EC2001E88829E00AA52A0 /* Sources */,
				668EC2011E88829E00AA52A0 /* Frameworks */,
				668EC2021E88829E00AA52A0 /* Resources */,
			);
			buildRules = (
			);
			dependencies = (
			);
			name = ImageScroll;
			productName = ImageScroll;
			productReference = 668EC2041E88829E00AA52A0 /* ImageScroll.app */;
			productType = "com.apple.product-type.application";
		};
/* End PBXNativeTarget section */

/* Begin PBXProject section */
		668EC1FC1E88829E00AA52A0 /* Project object */ = {
			isa = PBXProject;
			attributes = {
				LastSwiftUpdateCheck = 0820;
				LastUpgradeCheck = 0820;
				ORGANIZATIONNAME = "Chrishon Wyllie";
				TargetAttributes = {
					668EC2031E88829E00AA52A0 = {
						CreatedOnToolsVersion = 8.2.1;
						DevelopmentTeam = UL42AV8U5L;
						ProvisioningStyle = Automatic;
					};
				};
			};
			buildConfigurationList = 668EC1FF1E88829E00AA52A0 /* Build configuration list for PBXProject "ImageScroll" */;
			compatibilityVersion = "Xcode 3.2";
			developmentRegion = English;
			hasScannedForEncodings = 0;
			knownRegions = (
				en,
				Base,
			);
			mainGroup = 668EC1FB1E88829E00AA52A0;
			productRefGroup = 668EC2051E88829E00AA52A0 /* Products */;
			projectDirPath = "";
			projectRoot = "";
			targets = (
				668EC2031E88829E00AA52A0 /* ImageScroll */,
			);
		};
/* End PBXProject section */

/* Begin PBXResourcesBuildPhase section */
		668EC2021E88829E00AA52A0 /* Resources */ = {
			isa = PBXResourcesBuildPhase;
			buildActionMask = 2147483647;
			files = (
				668EC2121E88829E00AA52A0 /* LaunchScreen.storyboard in Resources */,
				668EC20F1E88829E00AA52A0 /* Assets.xcassets in Resources */,
				668EC20D1E88829E00AA52A0 /* Main.storyboard in Resources */,
			);
			runOnlyForDeploymentPostprocessing = 0;
		};
/* End PBXResourcesBuildPhase section */

/* Begin PBXSourcesBuildPhase section */
		668EC2001E88829E00AA52A0 /* Sources */ = {
			isa = PBXSourcesBuildPhase;
			buildActionMask = 2147483647;
			files = (
				668EC20A1E88829E00AA52A0 /* ViewController.swift in Sources */,
				668EC2081E88829E00AA52A0 /* AppDelegate.swift in Sources */,
			);
			runOnlyForDeploymentPostprocessing = 0;
		};
/* End PBXSourcesBuildPhase section */

/* Begin PBXVariantGroup section */
		668EC20B1E88829E00AA52A0 /* Main.storyboard */ = {
			isa = PBXVariantGroup;
			children = (
				668EC20C1E88829E00AA52A0 /* Base */,
			);
			name = Main.storyboard;
			sourceTree = "<group>";
		};
		668EC2101E88829E00AA52A0 /* LaunchScreen.storyboard */ = {
			isa = PBXVariantGroup;
			children = (
				668EC2111E88829E00AA52A0 /* Base */,
			);
			name = LaunchScreen.storyboard;
			sourceTree = "<group>";
		};
/* End PBXVariantGroup section */

/* Begin XCBuildConfiguration section */
		668EC2141E88829E00AA52A0 /* Debug */ = {
			isa = XCBuildConfiguration;
			buildSettings = {
				ALWAYS_SEARCH_USER_PATHS = NO;
				CLANG_ANALYZER_NONNULL = YES;
				CLANG_CXX_LANGUAGE_STANDARD = "gnu++0x";
				CLANG_CXX_LIBRARY = "libc++";
				CLANG_ENABLE_MODULES = YES;
				CLANG_ENABLE_OBJC_ARC = YES;
				CLANG_WARN_BOOL_CONVERSION = YES;
				CLANG_WARN_CONSTANT_CONVERSION = YES;
				CLANG_WARN_DIRECT_OBJC_ISA_USAGE = YES_ERROR;
				CLANG_WARN_DOCUMENTATION_COMMENTS = YES;
				CLANG_WARN_EMPTY_BODY = YES;
				CLANG_WARN_ENUM_CONVERSION = YES;
				CLANG_WARN_INFINITE_RECURSION = YES;
				CLANG_WARN_INT_CONVERSION = YES;
				CLANG_WARN_OBJC_ROOT_CLASS = YES_ERROR;
				CLANG_WARN_SUSPICIOUS_MOVE = YES;
				CLANG_WARN_UNREACHABLE_CODE = YES;
				CLANG_WARN__DUPLICATE_METHOD_MATCH = YES;
				"CODE_SIGN_IDENTITY[sdk=iphoneos*]" = "iPhone Developer";
				COPY_PHASE_STRIP = NO;
				DEBUG_INFORMATION_FORMAT = dwarf;
				ENABLE_STRICT_OBJC_MSGSEND = YES;
				ENABLE_TESTABILITY = YES;
				GCC_C_LANGUAGE_STANDARD = gnu99;
				GCC_DYNAMIC_NO_PIC = NO;
				GCC_NO_COMMON_BLOCKS = YES;
				GCC_OPTIMIZATION_LEVEL = 0;
				GCC_PREPROCESSOR_DEFINITIONS = (
					"DEBUG=1",
					"$(inherited)",
				);
				GCC_WARN_64_TO_32_BIT_CONVERSION = YES;
				GCC_WARN_ABOUT_RETURN_TYPE = YES_ERROR;
				GCC_WARN_UNDECLARED_SELECTOR = YES;
				GCC_WARN_UNINITIALIZED_AUTOS = YES_AGGRESSIVE;
				GCC_WARN_UNUSED_FUNCTION = YES;
				GCC_WARN_UNUSED_VARIABLE = YES;
				IPHONEOS_DEPLOYMENT_TARGET = 10.2;
				MTL_ENABLE_DEBUG_INFO = YES;
				ONLY_ACTIVE_ARCH = YES;
				SDKROOT = iphoneos;
				SWIFT_ACTIVE_COMPILATION_CONDITIONS = DEBUG;
				SWIFT_OPTIMIZATION_LEVEL = "-Onone";
			};
			name = Debug;
		};
		668EC2151E88829E00AA52A0 /* Release */ = {
			isa = XCBuildConfiguration;
			buildSettings = {
				ALWAYS_SEARCH_USER_PATHS = NO;
				CLANG_ANALYZER_NONNULL = YES;
				CLANG_CXX_LANGUAGE_STANDARD = "gnu++0x";
				CLANG_CXX_LIBRARY = "libc++";
				CLANG_ENABLE_MODULES = YES;
				CLANG_ENABLE_OBJC_ARC = YES;
				CLANG_WARN_BOOL_CONVERSION = YES;
				CLANG_WARN_CONSTANT_CONVERSION = YES;
				CLANG_WARN_DIRECT_OBJC_ISA_USAGE = YES_ERROR;
				CLANG_WARN_DOCUMENTATION_COMMENTS = YES;
				CLANG_WARN_EMPTY_BODY = YES;
				CLANG_WARN_ENUM_CONVERSION = YES;
				CLANG_WARN_INFINITE_RECURSION = YES;
				CLANG_WARN_INT_CONVERSION = YES;
				CLANG_WARN_OBJC_ROOT_CLASS = YES_ERROR;
				CLANG_WARN_SUSPICIOUS_MOVE = YES;
				CLANG_WARN_UNREACHABLE_CODE = YES;
				CLANG_WARN__DUPLICATE_METHOD_MATCH = YES;
				"CODE_SIGN_IDENTITY[sdk=iphoneos*]" = "iPhone Developer";
				COPY_PHASE_STRIP = NO;
				DEBUG_INFORMATION_FORMAT = "dwarf-with-dsym";
				ENABLE_NS_ASSERTIONS = NO;
				ENABLE_STRICT_OBJC_MSGSEND = YES;
				GCC_C_LANGUAGE_STANDARD = gnu99;
				GCC_NO_COMMON_BLOCKS = YES;
				GCC_WARN_64_TO_32_BIT_CONVERSION = YES;
				GCC_WARN_ABOUT_RETURN_TYPE = YES_ERROR;
				GCC_WARN_UNDECLARED_SELECTOR = YES;
				GCC_WARN_UNINITIALIZED_AUTOS = YES_AGGRESSIVE;
				GCC_WARN_UNUSED_FUNCTION = YES;
				GCC_WARN_UNUSED_VARIABLE = YES;
				IPHONEOS_DEPLOYMENT_TARGET = 10.2;
				MTL_ENABLE_DEBUG_INFO = NO;
				SDKROOT = iphoneos;
				SWIFT_OPTIMIZATION_LEVEL = "-Owholemodule";
				VALIDATE_PRODUCT = YES;
			};
			name = Release;
		};
		668EC2171E88829E00AA52A0 /* Debug */ = {
			isa = XCBuildConfiguration;
			buildSettings = {
				ASSETCATALOG_COMPILER_APPICON_NAME = AppIcon;
				DEVELOPMENT_TEAM = UL42AV8U5L;
				INFOPLIST_FILE = ImageScroll/Info.plist;
				LD_RUNPATH_SEARCH_PATHS = "$(inherited) @executable_path/Frameworks";
				PRODUCT_BUNDLE_IDENTIFIER = com.ChrishonWyllie.ImageScroll;
				PRODUCT_NAME = "$(TARGET_NAME)";
				SWIFT_VERSION = 3.0;
			};
			name = Debug;
		};
		668EC2181E88829E00AA52A0 /* Release */ = {
			isa = XCBuildConfiguration;
			buildSettings = {
				ASSETCATALOG_COMPILER_APPICON_NAME = AppIcon;
				DEVELOPMENT_TEAM = UL42AV8U5L;
				INFOPLIST_FILE = ImageScroll/Info.plist;
				LD_RUNPATH_SEARCH_PATHS = "$(inherited) @executable_path/Frameworks";
				PRODUCT_BUNDLE_IDENTIFIER = com.ChrishonWyllie.ImageScroll;
				PRODUCT_NAME = "$(TARGET_NAME)";
				SWIFT_VERSION = 3.0;
			};
			name = Release;
		};
/* End XCBuildConfiguration section */

/* Begin XCConfigurationList section */
		668EC1FF1E88829E00AA52A0 /* Build configuration list for PBXProject "ImageScroll" */ = {
			isa = XCConfigurationList;
			buildConfigurations = (
				668EC2141E88829E00AA52A0 /* Debug */,
				668EC2151E88829E00AA52A0 /* Release */,
			);
			defaultConfigurationIsVisible = 0;
			defaultConfigurationName = Release;
		};
		668EC2161E88829E00AA52A0 /* Build configuration list for PBXNativeTarget "ImageScroll" */ = {
			isa = XCConfigurationList;
			buildConfigurations = (
				668EC2171E88829E00AA52A0 /* Debug */,
				668EC2181E88829E00AA52A0 /* Release */,
			);
			defaultConfigurationIsVisible = 0;
		};
/* End XCConfigurationList section */
	};
	rootObject = 668EC1FC1E88829E00AA52A0 /* Project object */;
}
